
Microsoft Visual Studio Solution File, Format Version 12.00
# Visual Studio 15
Project("{FAE04EC0-301F-11D3-BF4B-00C04F79EFBC}") = "Assembly-CSharp", "Assembly-CSharp.csproj", "{844C6DA7-3B2B-8F36-3626-B8AA7147601E}"
EndProject
Global
	GlobalSection(SolutionConfigurationPlatforms) = preSolution
		Debug|Any CPU = Debug|Any CPU
		Release|Any CPU = Release|Any CPU
	EndGlobalSection
	GlobalSection(ProjectConfigurationPlatforms) = postSolution
		{844C6DA7-3B2B-8F36-3626-B8AA7147601E}.Debug|Any CPU.ActiveCfg = Debug|Any CPU
		{844C6DA7-3B2B-8F36-3626-B8AA7147601E}.Debug|Any CPU.Build.0 = Debug|Any CPU
		{844C6DA7-3B2B-8F36-3626-B8AA7147601E}.Release|Any CPU.ActiveCfg = Release|Any CPU
		{844C6DA7-3B2B-8F36-3626-B8AA7147601E}.Release|Any CPU.Build.0 = Release|Any CPU
	EndGlobalSection
	GlobalSection(SolutionProperties) = preSolution
		HideSolutionNode = FALSE
	EndGlobalSection
EndGlobal
