
Microsoft Visual Studio Solution File, Format Version 12.00
# Visual Studio 15
Project("{FAE04EC0-301F-11D3-BF4B-00C04F79EFBC}") = "FMODUnity", "FMODUnity.csproj", "{19177D46-A046-F2D6-71E4-1E9CBBA27EC6}"
EndProject
Project("{FAE04EC0-301F-11D3-BF4B-00C04F79EFBC}") = "Assembly-CSharp", "Assembly-CSharp.csproj", "{C3C9ACD9-DF77-07A9-E79D-1185EB4B37E2}"
EndProject
Project("{FAE04EC0-301F-11D3-BF4B-00C04F79EFBC}") = "FMODUnityResonance", "FMODUnityResonance.csproj", "{5AA9C83A-A87D-E83E-D4FC-B98F57D9A5C0}"
EndProject
Project("{FAE04EC0-301F-11D3-BF4B-00C04F79EFBC}") = "FMODUnityEditor", "FMODUnityEditor.csproj", "{EBC02923-0D93-CBAD-2F1B-3F24AC0B13B4}"
EndProject
Project("{FAE04EC0-301F-11D3-BF4B-00C04F79EFBC}") = "FMODUnityResonanceEditor", "FMODUnityResonanceEditor.csproj", "{F5C19907-AC04-D7F5-A080-C6E3FED91C07}"
EndProject
Global
	GlobalSection(SolutionConfigurationPlatforms) = preSolution
		Debug|Any CPU = Debug|Any CPU
		Release|Any CPU = Release|Any CPU
	EndGlobalSection
	GlobalSection(ProjectConfigurationPlatforms) = postSolution
		{19177D46-A046-F2D6-71E4-1E9CBBA27EC6}.Debug|Any CPU.ActiveCfg = Debug|Any CPU
		{19177D46-A046-F2D6-71E4-1E9CBBA27EC6}.Debug|Any CPU.Build.0 = Debug|Any CPU
		{19177D46-A046-F2D6-71E4-1E9CBBA27EC6}.Release|Any CPU.ActiveCfg = Release|Any CPU
		{19177D46-A046-F2D6-71E4-1E9CBBA27EC6}.Release|Any CPU.Build.0 = Release|Any CPU
		{C3C9ACD9-DF77-07A9-E79D-1185EB4B37E2}.Debug|Any CPU.ActiveCfg = Debug|Any CPU
		{C3C9ACD9-DF77-07A9-E79D-1185EB4B37E2}.Debug|Any CPU.Build.0 = Debug|Any CPU
		{C3C9ACD9-DF77-07A9-E79D-1185EB4B37E2}.Release|Any CPU.ActiveCfg = Release|Any CPU
		{C3C9ACD9-DF77-07A9-E79D-1185EB4B37E2}.Release|Any CPU.Build.0 = Release|Any CPU
		{5AA9C83A-A87D-E83E-D4FC-B98F57D9A5C0}.Debug|Any CPU.ActiveCfg = Debug|Any CPU
		{5AA9C83A-A87D-E83E-D4FC-B98F57D9A5C0}.Debug|Any CPU.Build.0 = Debug|Any CPU
		{5AA9C83A-A87D-E83E-D4FC-B98F57D9A5C0}.Release|Any CPU.ActiveCfg = Release|Any CPU
		{5AA9C83A-A87D-E83E-D4FC-B98F57D9A5C0}.Release|Any CPU.Build.0 = Release|Any CPU
		{EBC02923-0D93-CBAD-2F1B-3F24AC0B13B4}.Debug|Any CPU.ActiveCfg = Debug|Any CPU
		{EBC02923-0D93-CBAD-2F1B-3F24AC0B13B4}.Debug|Any CPU.Build.0 = Debug|Any CPU
		{EBC02923-0D93-CBAD-2F1B-3F24AC0B13B4}.Release|Any CPU.ActiveCfg = Release|Any CPU
		{EBC02923-0D93-CBAD-2F1B-3F24AC0B13B4}.Release|Any CPU.Build.0 = Release|Any CPU
		{F5C19907-AC04-D7F5-A080-C6E3FED91C07}.Debug|Any CPU.ActiveCfg = Debug|Any CPU
		{F5C19907-AC04-D7F5-A080-C6E3FED91C07}.Debug|Any CPU.Build.0 = Debug|Any CPU
		{F5C19907-AC04-D7F5-A080-C6E3FED91C07}.Release|Any CPU.ActiveCfg = Release|Any CPU
		{F5C19907-AC04-D7F5-A080-C6E3FED91C07}.Release|Any CPU.Build.0 = Release|Any CPU
	EndGlobalSection
	GlobalSection(SolutionProperties) = preSolution
		HideSolutionNode = FALSE
	EndGlobalSection
EndGlobal
